// !$*UTF8*$!
{
	archiveVersion = 1;
	classes = {
	};
	objectVersion = 56;
	objects = {

/* Begin PBXBuildFile section */
		63BFBF0B2AD39284004150C7 /* AppDelegate.swift in Sources */ = {isa = PBXBuildFile; fileRef = 63BFBF0A2AD39284004150C7 /* AppDelegate.swift */; };
		63BFBF0D2AD39284004150C7 /* SceneDelegate.swift in Sources */ = {isa = PBXBuildFile; fileRef = 63BFBF0C2AD39284004150C7 /* SceneDelegate.swift */; };
		63BFBF0F2AD39284004150C7 /* MainViewController.swift in Sources */ = {isa = PBXBuildFile; fileRef = 63BFBF0E2AD39284004150C7 /* MainViewController.swift */; };
		63BFBF142AD39286004150C7 /* Assets.xcassets in Resources */ = {isa = PBXBuildFile; fileRef = 63BFBF132AD39286004150C7 /* Assets.xcassets */; };
		63BFBF172AD39286004150C7 /* LaunchScreen.storyboard in Resources */ = {isa = PBXBuildFile; fileRef = 63BFBF152AD39286004150C7 /* LaunchScreen.storyboard */; };
		63BFC6592AD3A4D4004150C7 /* map_pinup_custom@3x.png in Resources */ = {isa = PBXBuildFile; fileRef = 63BFC6342AD3A4D4004150C7 /* map_pinup_custom@3x.png */; };
		63BFC65A2AD3A4D4004150C7 /* map_pin_custom.png in Resources */ = {isa = PBXBuildFile; fileRef = 63BFC6352AD3A4D4004150C7 /* map_pin_custom.png */; };
		63BFC65B2AD3A4D4004150C7 /* shadow_balloon.png in Resources */ = {isa = PBXBuildFile; fileRef = 63BFC6362AD3A4D4004150C7 /* shadow_balloon.png */; };
		63BFC65C2AD3A4D4004150C7 /* map_pinup.png in Resources */ = {isa = PBXBuildFile; fileRef = 63BFC6372AD3A4D4004150C7 /* map_pinup.png */; };
		63BFC65D2AD3A4D4004150C7 /* detail_button.png in Resources */ = {isa = PBXBuildFile; fileRef = 63BFC6382AD3A4D4004150C7 /* detail_button.png */; };
		63BFC65E2AD3A4D4004150C7 /* map_pin_custom@3x.png in Resources */ = {isa = PBXBuildFile; fileRef = 63BFC6392AD3A4D4004150C7 /* map_pin_custom@3x.png */; };
		63BFC65F2AD3A4D4004150C7 /* map_pinup@3x.png in Resources */ = {isa = PBXBuildFile; fileRef = 63BFC63A2AD3A4D4004150C7 /* map_pinup@3x.png */; };
		63BFC6602AD3A4D4004150C7 /* map_pin_shadow@3x.png in Resources */ = {isa = PBXBuildFile; fileRef = 63BFC63B2AD3A4D4004150C7 /* map_pin_shadow@3x.png */; };
		63BFC6612AD3A4D4004150C7 /* copyright.png in Resources */ = {isa = PBXBuildFile; fileRef = 63BFC63C2AD3A4D4004150C7 /* copyright.png */; };
		63BFC6622AD3A4D4004150C7 /* th_line.png in Resources */ = {isa = PBXBuildFile; fileRef = 63BFC63D2AD3A4D4004150C7 /* th_line.png */; };
		63BFC6632AD3A4D4004150C7 /* map_pin_red@3x.png in Resources */ = {isa = PBXBuildFile; fileRef = 63BFC63E2AD3A4D4004150C7 /* map_pin_red@3x.png */; };
		63BFC6642AD3A4D4004150C7 /* daum_copyright.png in Resources */ = {isa = PBXBuildFile; fileRef = 63BFC63F2AD3A4D4004150C7 /* daum_copyright.png */; };
		63BFC6652AD3A4D4004150C7 /* map_pin@3x.png in Resources */ = {isa = PBXBuildFile; fileRef = 63BFC6402AD3A4D4004150C7 /* map_pin@3x.png */; };
		63BFC6662AD3A4D4004150C7 /* map_present_tracking.png in Resources */ = {isa = PBXBuildFile; fileRef = 63BFC6412AD3A4D4004150C7 /* map_present_tracking.png */; };
		63BFC6672AD3A4D4004150C7 /* map_pin_red.png in Resources */ = {isa = PBXBuildFile; fileRef = 63BFC6422AD3A4D4004150C7 /* map_pin_red.png */; };
		63BFC6682AD3A4D4004150C7 /* info_box.png in Resources */ = {isa = PBXBuildFile; fileRef = 63BFC64C2AD3A4D4004150C7 /* info_box.png */; };
		63BFC6692AD3A4D4004150C7 /* point_sprite.png in Resources */ = {isa = PBXBuildFile; fileRef = 63BFC64D2AD3A4D4004150C7 /* point_sprite.png */; };
		63BFC66A2AD3A4D4004150C7 /* map_pinup_custom.png in Resources */ = {isa = PBXBuildFile; fileRef = 63BFC64E2AD3A4D4004150C7 /* map_pinup_custom.png */; };
		63BFC66B2AD3A4D4004150C7 /* info_box_tail.png in Resources */ = {isa = PBXBuildFile; fileRef = 63BFC64F2AD3A4D4004150C7 /* info_box_tail.png */; };
		63BFC66C2AD3A4D4004150C7 /* noimage256.png in Resources */ = {isa = PBXBuildFile; fileRef = 63BFC6502AD3A4D4004150C7 /* noimage256.png */; };
		63BFC66D2AD3A4D4004150C7 /* map_present_direction.png in Resources */ = {isa = PBXBuildFile; fileRef = 63BFC6512AD3A4D4004150C7 /* map_present_direction.png */; };
		63BFC66E2AD3A4D4004150C7 /* map_pin.png in Resources */ = {isa = PBXBuildFile; fileRef = 63BFC6522AD3A4D4004150C7 /* map_pin.png */; };
		63BFC66F2AD3A4D4004150C7 /* map_present.png in Resources */ = {isa = PBXBuildFile; fileRef = 63BFC6532AD3A4D4004150C7 /* map_present.png */; };
		63BFC6702AD3A4D4004150C7 /* noimage.png in Resources */ = {isa = PBXBuildFile; fileRef = 63BFC6542AD3A4D4004150C7 /* noimage.png */; };
		63BFC6712AD3A4D4004150C7 /* map_present_background_update.png in Resources */ = {isa = PBXBuildFile; fileRef = 63BFC6552AD3A4D4004150C7 /* map_present_background_update.png */; };
		63BFC6722AD3A4D4004150C7 /* daum_th_line.png in Resources */ = {isa = PBXBuildFile; fileRef = 63BFC6562AD3A4D4004150C7 /* daum_th_line.png */; };
		63BFC6732AD3A4D4004150C7 /* map_pin_shadow.png in Resources */ = {isa = PBXBuildFile; fileRef = 63BFC6572AD3A4D4004150C7 /* map_pin_shadow.png */; };
		63BFC6742AD3A4D4004150C7 /* DaumMap.framework in Frameworks */ = {isa = PBXBuildFile; fileRef = 63BFC6582AD3A4D4004150C7 /* DaumMap.framework */; };
		63BFC6772AD3A504004150C7 /* OpenGLES.framework in Frameworks */ = {isa = PBXBuildFile; fileRef = 63BFC6762AD3A504004150C7 /* OpenGLES.framework */; };
		63BFC6792AD3A513004150C7 /* SystemConfiguration.framework in Frameworks */ = {isa = PBXBuildFile; fileRef = 63BFC6782AD3A512004150C7 /* SystemConfiguration.framework */; };
		63BFC67B2AD3A51D004150C7 /* CoreLocation.framework in Frameworks */ = {isa = PBXBuildFile; fileRef = 63BFC67A2AD3A51D004150C7 /* CoreLocation.framework */; };
		63BFC67D2AD3A525004150C7 /* QuartzCore.framework in Frameworks */ = {isa = PBXBuildFile; fileRef = 63BFC67C2AD3A525004150C7 /* QuartzCore.framework */; };
		63BFC67F2AD3A535004150C7 /* libc++.tbd in Frameworks */ = {isa = PBXBuildFile; fileRef = 63BFC67E2AD3A535004150C7 /* libc++.tbd */; };
		63BFC6812AD3A53F004150C7 /* libxml2.tbd in Frameworks */ = {isa = PBXBuildFile; fileRef = 63BFC6802AD3A53F004150C7 /* libxml2.tbd */; };
		63BFC6832AD3A54E004150C7 /* libsqlite3.tbd in Frameworks */ = {isa = PBXBuildFile; fileRef = 63BFC6822AD3A54E004150C7 /* libsqlite3.tbd */; };
		63BFC6862AD3A973004150C7 /* DaumMap.xcframework in Frameworks */ = {isa = PBXBuildFile; fileRef = 63BFC6852AD3A973004150C7 /* DaumMap.xcframework */; };
/* End PBXBuildFile section */

/* Begin PBXFileReference section */
		63BFBF072AD39284004150C7 /* FoodMaps.app */ = {isa = PBXFileReference; explicitFileType = wrapper.application; includeInIndex = 0; path = FoodMaps.app; sourceTree = BUILT_PRODUCTS_DIR; };
		63BFBF0A2AD39284004150C7 /* AppDelegate.swift */ = {isa = PBXFileReference; lastKnownFileType = sourcecode.swift; path = AppDelegate.swift; sourceTree = "<group>"; };
		63BFBF0C2AD39284004150C7 /* SceneDelegate.swift */ = {isa = PBXFileReference; lastKnownFileType = sourcecode.swift; path = SceneDelegate.swift; sourceTree = "<group>"; };
		63BFBF0E2AD39284004150C7 /* MainViewController.swift */ = {isa = PBXFileReference; lastKnownFileType = sourcecode.swift; path = MainViewController.swift; sourceTree = "<group>"; };
		63BFBF132AD39286004150C7 /* Assets.xcassets */ = {isa = PBXFileReference; lastKnownFileType = folder.assetcatalog; path = Assets.xcassets; sourceTree = "<group>"; };
		63BFBF162AD39286004150C7 /* Base */ = {isa = PBXFileReference; lastKnownFileType = file.storyboard; name = Base; path = Base.lproj/LaunchScreen.storyboard; sourceTree = "<group>"; };
		63BFBF182AD39286004150C7 /* Info.plist */ = {isa = PBXFileReference; lastKnownFileType = text.plist.xml; path = Info.plist; sourceTree = "<group>"; };
		63BFC6342AD3A4D4004150C7 /* map_pinup_custom@3x.png */ = {isa = PBXFileReference; lastKnownFileType = image.png; path = "map_pinup_custom@3x.png"; sourceTree = "<group>"; };
		63BFC6352AD3A4D4004150C7 /* map_pin_custom.png */ = {isa = PBXFileReference; lastKnownFileType = image.png; path = map_pin_custom.png; sourceTree = "<group>"; };
		63BFC6362AD3A4D4004150C7 /* shadow_balloon.png */ = {isa = PBXFileReference; lastKnownFileType = image.png; path = shadow_balloon.png; sourceTree = "<group>"; };
		63BFC6372AD3A4D4004150C7 /* map_pinup.png */ = {isa = PBXFileReference; lastKnownFileType = image.png; path = map_pinup.png; sourceTree = "<group>"; };
		63BFC6382AD3A4D4004150C7 /* detail_button.png */ = {isa = PBXFileReference; lastKnownFileType = image.png; path = detail_button.png; sourceTree = "<group>"; };
		63BFC6392AD3A4D4004150C7 /* map_pin_custom@3x.png */ = {isa = PBXFileReference; lastKnownFileType = image.png; path = "map_pin_custom@3x.png"; sourceTree = "<group>"; };
		63BFC63A2AD3A4D4004150C7 /* map_pinup@3x.png */ = {isa = PBXFileReference; lastKnownFileType = image.png; path = "map_pinup@3x.png"; sourceTree = "<group>"; };
		63BFC63B2AD3A4D4004150C7 /* map_pin_shadow@3x.png */ = {isa = PBXFileReference; lastKnownFileType = image.png; path = "map_pin_shadow@3x.png"; sourceTree = "<group>"; };
		63BFC63C2AD3A4D4004150C7 /* copyright.png */ = {isa = PBXFileReference; lastKnownFileType = image.png; path = copyright.png; sourceTree = "<group>"; };
		63BFC63D2AD3A4D4004150C7 /* th_line.png */ = {isa = PBXFileReference; lastKnownFileType = image.png; path = th_line.png; sourceTree = "<group>"; };
		63BFC63E2AD3A4D4004150C7 /* map_pin_red@3x.png */ = {isa = PBXFileReference; lastKnownFileType = image.png; path = "map_pin_red@3x.png"; sourceTree = "<group>"; };
		63BFC63F2AD3A4D4004150C7 /* daum_copyright.png */ = {isa = PBXFileReference; lastKnownFileType = image.png; path = daum_copyright.png; sourceTree = "<group>"; };
		63BFC6402AD3A4D4004150C7 /* map_pin@3x.png */ = {isa = PBXFileReference; lastKnownFileType = image.png; path = "map_pin@3x.png"; sourceTree = "<group>"; };
		63BFC6412AD3A4D4004150C7 /* map_present_tracking.png */ = {isa = PBXFileReference; lastKnownFileType = image.png; path = map_present_tracking.png; sourceTree = "<group>"; };
		63BFC6422AD3A4D4004150C7 /* map_pin_red.png */ = {isa = PBXFileReference; lastKnownFileType = image.png; path = map_pin_red.png; sourceTree = "<group>"; };
		63BFC6442AD3A4D4004150C7 /* MTMapPOIItem.h */ = {isa = PBXFileReference; fileEncoding = 4; lastKnownFileType = sourcecode.c.h; path = MTMapPOIItem.h; sourceTree = "<group>"; };
		63BFC6452AD3A4D4004150C7 /* MTMapCameraUpdate.h */ = {isa = PBXFileReference; fileEncoding = 4; lastKnownFileType = sourcecode.c.h; path = MTMapCameraUpdate.h; sourceTree = "<group>"; };
		63BFC6462AD3A4D4004150C7 /* MTMapReverseGeoCoder.h */ = {isa = PBXFileReference; fileEncoding = 4; lastKnownFileType = sourcecode.c.h; path = MTMapReverseGeoCoder.h; sourceTree = "<group>"; };
		63BFC6472AD3A4D4004150C7 /* MTMapPolyline.h */ = {isa = PBXFileReference; fileEncoding = 4; lastKnownFileType = sourcecode.c.h; path = MTMapPolyline.h; sourceTree = "<group>"; };
		63BFC6482AD3A4D4004150C7 /* MTMapLocationMarkerItem.h */ = {isa = PBXFileReference; fileEncoding = 4; lastKnownFileType = sourcecode.c.h; path = MTMapLocationMarkerItem.h; sourceTree = "<group>"; };
		63BFC6492AD3A4D4004150C7 /* MTMapView.h */ = {isa = PBXFileReference; fileEncoding = 4; lastKnownFileType = sourcecode.c.h; path = MTMapView.h; sourceTree = "<group>"; };
		63BFC64A2AD3A4D4004150C7 /* MTMapGeometry.h */ = {isa = PBXFileReference; fileEncoding = 4; lastKnownFileType = sourcecode.c.h; path = MTMapGeometry.h; sourceTree = "<group>"; };
		63BFC64B2AD3A4D4004150C7 /* MTMapCircle.h */ = {isa = PBXFileReference; fileEncoding = 4; lastKnownFileType = sourcecode.c.h; path = MTMapCircle.h; sourceTree = "<group>"; };
		63BFC64C2AD3A4D4004150C7 /* info_box.png */ = {isa = PBXFileReference; lastKnownFileType = image.png; path = info_box.png; sourceTree = "<group>"; };
		63BFC64D2AD3A4D4004150C7 /* point_sprite.png */ = {isa = PBXFileReference; lastKnownFileType = image.png; path = point_sprite.png; sourceTree = "<group>"; };
		63BFC64E2AD3A4D4004150C7 /* map_pinup_custom.png */ = {isa = PBXFileReference; lastKnownFileType = image.png; path = map_pinup_custom.png; sourceTree = "<group>"; };
		63BFC64F2AD3A4D4004150C7 /* info_box_tail.png */ = {isa = PBXFileReference; lastKnownFileType = image.png; path = info_box_tail.png; sourceTree = "<group>"; };
		63BFC6502AD3A4D4004150C7 /* noimage256.png */ = {isa = PBXFileReference; lastKnownFileType = image.png; path = noimage256.png; sourceTree = "<group>"; };
		63BFC6512AD3A4D4004150C7 /* map_present_direction.png */ = {isa = PBXFileReference; lastKnownFileType = image.png; path = map_present_direction.png; sourceTree = "<group>"; };
		63BFC6522AD3A4D4004150C7 /* map_pin.png */ = {isa = PBXFileReference; lastKnownFileType = image.png; path = map_pin.png; sourceTree = "<group>"; };
		63BFC6532AD3A4D4004150C7 /* map_present.png */ = {isa = PBXFileReference; lastKnownFileType = image.png; path = map_present.png; sourceTree = "<group>"; };
		63BFC6542AD3A4D4004150C7 /* noimage.png */ = {isa = PBXFileReference; lastKnownFileType = image.png; path = noimage.png; sourceTree = "<group>"; };
		63BFC6552AD3A4D4004150C7 /* map_present_background_update.png */ = {isa = PBXFileReference; lastKnownFileType = image.png; path = map_present_background_update.png; sourceTree = "<group>"; };
		63BFC6562AD3A4D4004150C7 /* daum_th_line.png */ = {isa = PBXFileReference; lastKnownFileType = image.png; path = daum_th_line.png; sourceTree = "<group>"; };
		63BFC6572AD3A4D4004150C7 /* map_pin_shadow.png */ = {isa = PBXFileReference; lastKnownFileType = image.png; path = map_pin_shadow.png; sourceTree = "<group>"; };
		63BFC6582AD3A4D4004150C7 /* DaumMap.framework */ = {isa = PBXFileReference; lastKnownFileType = wrapper.framework; path = DaumMap.framework; sourceTree = "<group>"; };
		63BFC6762AD3A504004150C7 /* OpenGLES.framework */ = {isa = PBXFileReference; lastKnownFileType = wrapper.framework; name = OpenGLES.framework; path = System/Library/Frameworks/OpenGLES.framework; sourceTree = SDKROOT; };
		63BFC6782AD3A512004150C7 /* SystemConfiguration.framework */ = {isa = PBXFileReference; lastKnownFileType = wrapper.framework; name = SystemConfiguration.framework; path = System/Library/Frameworks/SystemConfiguration.framework; sourceTree = SDKROOT; };
		63BFC67A2AD3A51D004150C7 /* CoreLocation.framework */ = {isa = PBXFileReference; lastKnownFileType = wrapper.framework; name = CoreLocation.framework; path = System/Library/Frameworks/CoreLocation.framework; sourceTree = SDKROOT; };
		63BFC67C2AD3A525004150C7 /* QuartzCore.framework */ = {isa = PBXFileReference; lastKnownFileType = wrapper.framework; name = QuartzCore.framework; path = System/Library/Frameworks/QuartzCore.framework; sourceTree = SDKROOT; };
		63BFC67E2AD3A535004150C7 /* libc++.tbd */ = {isa = PBXFileReference; lastKnownFileType = "sourcecode.text-based-dylib-definition"; name = "libc++.tbd"; path = "usr/lib/libc++.tbd"; sourceTree = SDKROOT; };
		63BFC6802AD3A53F004150C7 /* libxml2.tbd */ = {isa = PBXFileReference; lastKnownFileType = "sourcecode.text-based-dylib-definition"; name = libxml2.tbd; path = usr/lib/libxml2.tbd; sourceTree = SDKROOT; };
		63BFC6822AD3A54E004150C7 /* libsqlite3.tbd */ = {isa = PBXFileReference; lastKnownFileType = "sourcecode.text-based-dylib-definition"; name = libsqlite3.tbd; path = usr/lib/libsqlite3.tbd; sourceTree = SDKROOT; };
		63BFC6842AD3A5D4004150C7 /* BridgingHeader.h */ = {isa = PBXFileReference; lastKnownFileType = sourcecode.c.h; path = BridgingHeader.h; sourceTree = "<group>"; };
		63BFC6852AD3A973004150C7 /* DaumMap.xcframework */ = {isa = PBXFileReference; lastKnownFileType = wrapper.xcframework; name = DaumMap.xcframework; path = ../../Downloads/DaumMap.xcframework; sourceTree = "<group>"; };
/* End PBXFileReference section */

/* Begin PBXFrameworksBuildPhase section */
		63BFBF042AD39284004150C7 /* Frameworks */ = {
			isa = PBXFrameworksBuildPhase;
			buildActionMask = 2147483647;
			files = (
				63BFC6832AD3A54E004150C7 /* libsqlite3.tbd in Frameworks */,
				63BFC6812AD3A53F004150C7 /* libxml2.tbd in Frameworks */,
				63BFC67F2AD3A535004150C7 /* libc++.tbd in Frameworks */,
				63BFC67D2AD3A525004150C7 /* QuartzCore.framework in Frameworks */,
				63BFC67B2AD3A51D004150C7 /* CoreLocation.framework in Frameworks */,
				63BFC6792AD3A513004150C7 /* SystemConfiguration.framework in Frameworks */,
				63BFC6862AD3A973004150C7 /* DaumMap.xcframework in Frameworks */,
				63BFC6772AD3A504004150C7 /* OpenGLES.framework in Frameworks */,
				63BFC6742AD3A4D4004150C7 /* DaumMap.framework in Frameworks */,
			);
			runOnlyForDeploymentPostprocessing = 0;
		};
/* End PBXFrameworksBuildPhase section */

/* Begin PBXGroup section */
		63BFBEFE2AD39284004150C7 = {
			isa = PBXGroup;
			children = (
				63BFBF092AD39284004150C7 /* FoodMaps */,
				63BFBF082AD39284004150C7 /* Products */,
				63BFC6752AD3A504004150C7 /* Frameworks */,
			);
			sourceTree = "<group>";
		};
		63BFBF082AD39284004150C7 /* Products */ = {
			isa = PBXGroup;
			children = (
				63BFBF072AD39284004150C7 /* FoodMaps.app */,
			);
			name = Products;
			sourceTree = "<group>";
		};
		63BFBF092AD39284004150C7 /* FoodMaps */ = {
			isa = PBXGroup;
			children = (
				63BFC6842AD3A5D4004150C7 /* BridgingHeader.h */,
				63BFBF0A2AD39284004150C7 /* AppDelegate.swift */,
				63BFBF0C2AD39284004150C7 /* SceneDelegate.swift */,
				63BFBF0E2AD39284004150C7 /* MainViewController.swift */,
				63BFBF132AD39286004150C7 /* Assets.xcassets */,
				63BFBF152AD39286004150C7 /* LaunchScreen.storyboard */,
				63BFBF182AD39286004150C7 /* Info.plist */,
			);
			path = FoodMaps;
			sourceTree = "<group>";
		};
		63BFC6322AD3A4D4004150C7 /* DaumMap.embeddedframework */ = {
			isa = PBXGroup;
			children = (
				63BFC6332AD3A4D4004150C7 /* Resources */,
				63BFC6582AD3A4D4004150C7 /* DaumMap.framework */,
			);
			path = DaumMap.embeddedframework;
			sourceTree = SOURCE_ROOT;
		};
		63BFC6332AD3A4D4004150C7 /* Resources */ = {
			isa = PBXGroup;
			children = (
				63BFC6342AD3A4D4004150C7 /* map_pinup_custom@3x.png */,
				63BFC6352AD3A4D4004150C7 /* map_pin_custom.png */,
				63BFC6362AD3A4D4004150C7 /* shadow_balloon.png */,
				63BFC6372AD3A4D4004150C7 /* map_pinup.png */,
				63BFC6382AD3A4D4004150C7 /* detail_button.png */,
				63BFC6392AD3A4D4004150C7 /* map_pin_custom@3x.png */,
				63BFC63A2AD3A4D4004150C7 /* map_pinup@3x.png */,
				63BFC63B2AD3A4D4004150C7 /* map_pin_shadow@3x.png */,
				63BFC63C2AD3A4D4004150C7 /* copyright.png */,
				63BFC63D2AD3A4D4004150C7 /* th_line.png */,
				63BFC63E2AD3A4D4004150C7 /* map_pin_red@3x.png */,
				63BFC63F2AD3A4D4004150C7 /* daum_copyright.png */,
				63BFC6402AD3A4D4004150C7 /* map_pin@3x.png */,
				63BFC6412AD3A4D4004150C7 /* map_present_tracking.png */,
				63BFC6422AD3A4D4004150C7 /* map_pin_red.png */,
				63BFC6432AD3A4D4004150C7 /* Headers */,
				63BFC64C2AD3A4D4004150C7 /* info_box.png */,
				63BFC64D2AD3A4D4004150C7 /* point_sprite.png */,
				63BFC64E2AD3A4D4004150C7 /* map_pinup_custom.png */,
				63BFC64F2AD3A4D4004150C7 /* info_box_tail.png */,
				63BFC6502AD3A4D4004150C7 /* noimage256.png */,
				63BFC6512AD3A4D4004150C7 /* map_present_direction.png */,
				63BFC6522AD3A4D4004150C7 /* map_pin.png */,
				63BFC6532AD3A4D4004150C7 /* map_present.png */,
				63BFC6542AD3A4D4004150C7 /* noimage.png */,
				63BFC6552AD3A4D4004150C7 /* map_present_background_update.png */,
				63BFC6562AD3A4D4004150C7 /* daum_th_line.png */,
				63BFC6572AD3A4D4004150C7 /* map_pin_shadow.png */,
			);
			path = Resources;
			sourceTree = "<group>";
		};
		63BFC6432AD3A4D4004150C7 /* Headers */ = {
			isa = PBXGroup;
			children = (
				63BFC6442AD3A4D4004150C7 /* MTMapPOIItem.h */,
				63BFC6452AD3A4D4004150C7 /* MTMapCameraUpdate.h */,
				63BFC6462AD3A4D4004150C7 /* MTMapReverseGeoCoder.h */,
				63BFC6472AD3A4D4004150C7 /* MTMapPolyline.h */,
				63BFC6482AD3A4D4004150C7 /* MTMapLocationMarkerItem.h */,
				63BFC6492AD3A4D4004150C7 /* MTMapView.h */,
				63BFC64A2AD3A4D4004150C7 /* MTMapGeometry.h */,
				63BFC64B2AD3A4D4004150C7 /* MTMapCircle.h */,
			);
			path = Headers;
			sourceTree = "<group>";
		};
		63BFC6752AD3A504004150C7 /* Frameworks */ = {
			isa = PBXGroup;
			children = (
				63BFC6322AD3A4D4004150C7 /* DaumMap.embeddedframework */,
				63BFC6822AD3A54E004150C7 /* libsqlite3.tbd */,
				63BFC6802AD3A53F004150C7 /* libxml2.tbd */,
				63BFC67E2AD3A535004150C7 /* libc++.tbd */,
				63BFC67C2AD3A525004150C7 /* QuartzCore.framework */,
				63BFC67A2AD3A51D004150C7 /* CoreLocation.framework */,
				63BFC6782AD3A512004150C7 /* SystemConfiguration.framework */,
				63BFC6762AD3A504004150C7 /* OpenGLES.framework */,
				63BFC6852AD3A973004150C7 /* DaumMap.xcframework */,
			);
			name = Frameworks;
			sourceTree = "<group>";
		};
/* End PBXGroup section */

/* Begin PBXNativeTarget section */
		63BFBF062AD39284004150C7 /* FoodMaps */ = {
			isa = PBXNativeTarget;
			buildConfigurationList = 63BFBF1B2AD39286004150C7 /* Build configuration list for PBXNativeTarget "FoodMaps" */;
			buildPhases = (
				63BFBF032AD39284004150C7 /* Sources */,
				63BFBF042AD39284004150C7 /* Frameworks */,
				63BFBF052AD39284004150C7 /* Resources */,
			);
			buildRules = (
			);
			dependencies = (
			);
			name = FoodMaps;
			productName = FoodMaps;
			productReference = 63BFBF072AD39284004150C7 /* FoodMaps.app */;
			productType = "com.apple.product-type.application";
		};
/* End PBXNativeTarget section */

/* Begin PBXProject section */
		63BFBEFF2AD39284004150C7 /* Project object */ = {
			isa = PBXProject;
			attributes = {
				BuildIndependentTargetsInParallel = 1;
				LastSwiftUpdateCheck = 1400;
				LastUpgradeCheck = 1400;
				TargetAttributes = {
					63BFBF062AD39284004150C7 = {
						CreatedOnToolsVersion = 14.0;
					};
				};
			};
			buildConfigurationList = 63BFBF022AD39284004150C7 /* Build configuration list for PBXProject "FoodMaps" */;
			compatibilityVersion = "Xcode 14.0";
			developmentRegion = en;
			hasScannedForEncodings = 0;
			knownRegions = (
				en,
				Base,
			);
			mainGroup = 63BFBEFE2AD39284004150C7;
			productRefGroup = 63BFBF082AD39284004150C7 /* Products */;
			projectDirPath = "";
			projectRoot = "";
			targets = (
				63BFBF062AD39284004150C7 /* FoodMaps */,
			);
		};
/* End PBXProject section */

/* Begin PBXResourcesBuildPhase section */
		63BFBF052AD39284004150C7 /* Resources */ = {
			isa = PBXResourcesBuildPhase;
			buildActionMask = 2147483647;
			files = (
				63BFC66B2AD3A4D4004150C7 /* info_box_tail.png in Resources */,
				63BFC6602AD3A4D4004150C7 /* map_pin_shadow@3x.png in Resources */,
				63BFC66E2AD3A4D4004150C7 /* map_pin.png in Resources */,
				63BFC6672AD3A4D4004150C7 /* map_pin_red.png in Resources */,
				63BFC65F2AD3A4D4004150C7 /* map_pinup@3x.png in Resources */,
				63BFC6692AD3A4D4004150C7 /* point_sprite.png in Resources */,
				63BFC6652AD3A4D4004150C7 /* map_pin@3x.png in Resources */,
				63BFC66C2AD3A4D4004150C7 /* noimage256.png in Resources */,
				63BFC66F2AD3A4D4004150C7 /* map_present.png in Resources */,
				63BFC6642AD3A4D4004150C7 /* daum_copyright.png in Resources */,
				63BFC6612AD3A4D4004150C7 /* copyright.png in Resources */,
				63BFC65B2AD3A4D4004150C7 /* shadow_balloon.png in Resources */,
				63BFC65E2AD3A4D4004150C7 /* map_pin_custom@3x.png in Resources */,
				63BFC6622AD3A4D4004150C7 /* th_line.png in Resources */,
				63BFC66A2AD3A4D4004150C7 /* map_pinup_custom.png in Resources */,
				63BFBF172AD39286004150C7 /* LaunchScreen.storyboard in Resources */,
				63BFC6722AD3A4D4004150C7 /* daum_th_line.png in Resources */,
				63BFC6592AD3A4D4004150C7 /* map_pinup_custom@3x.png in Resources */,
				63BFBF142AD39286004150C7 /* Assets.xcassets in Resources */,
				63BFC6662AD3A4D4004150C7 /* map_present_tracking.png in Resources */,
				63BFC6732AD3A4D4004150C7 /* map_pin_shadow.png in Resources */,
				63BFC66D2AD3A4D4004150C7 /* map_present_direction.png in Resources */,
				63BFC6712AD3A4D4004150C7 /* map_present_background_update.png in Resources */,
				63BFC65D2AD3A4D4004150C7 /* detail_button.png in Resources */,
				63BFC6632AD3A4D4004150C7 /* map_pin_red@3x.png in Resources */,
				63BFC6702AD3A4D4004150C7 /* noimage.png in Resources */,
				63BFC6682AD3A4D4004150C7 /* info_box.png in Resources */,
				63BFC65A2AD3A4D4004150C7 /* map_pin_custom.png in Resources */,
				63BFC65C2AD3A4D4004150C7 /* map_pinup.png in Resources */,
			);
			runOnlyForDeploymentPostprocessing = 0;
		};
/* End PBXResourcesBuildPhase section */

/* Begin PBXSourcesBuildPhase section */
		63BFBF032AD39284004150C7 /* Sources */ = {
			isa = PBXSourcesBuildPhase;
			buildActionMask = 2147483647;
			files = (
				63BFBF0F2AD39284004150C7 /* MainViewController.swift in Sources */,
				63BFBF0B2AD39284004150C7 /* AppDelegate.swift in Sources */,
				63BFBF0D2AD39284004150C7 /* SceneDelegate.swift in Sources */,
			);
			runOnlyForDeploymentPostprocessing = 0;
		};
/* End PBXSourcesBuildPhase section */

/* Begin PBXVariantGroup section */
		63BFBF152AD39286004150C7 /* LaunchScreen.storyboard */ = {
			isa = PBXVariantGroup;
			children = (
				63BFBF162AD39286004150C7 /* Base */,
			);
			name = LaunchScreen.storyboard;
			sourceTree = "<group>";
		};
/* End PBXVariantGroup section */

/* Begin XCBuildConfiguration section */
		63BFBF192AD39286004150C7 /* Debug */ = {
			isa = XCBuildConfiguration;
			buildSettings = {
				ALWAYS_SEARCH_USER_PATHS = NO;
				CLANG_ANALYZER_NONNULL = YES;
				CLANG_ANALYZER_NUMBER_OBJECT_CONVERSION = YES_AGGRESSIVE;
				CLANG_CXX_LANGUAGE_STANDARD = "gnu++20";
				CLANG_ENABLE_MODULES = YES;
				CLANG_ENABLE_OBJC_ARC = NO;
				CLANG_ENABLE_OBJC_WEAK = YES;
				CLANG_WARN_BLOCK_CAPTURE_AUTORELEASING = YES;
				CLANG_WARN_BOOL_CONVERSION = YES;
				CLANG_WARN_COMMA = YES;
				CLANG_WARN_CONSTANT_CONVERSION = YES;
				CLANG_WARN_DEPRECATED_OBJC_IMPLEMENTATIONS = YES;
				CLANG_WARN_DIRECT_OBJC_ISA_USAGE = YES_ERROR;
				CLANG_WARN_DOCUMENTATION_COMMENTS = YES;
				CLANG_WARN_EMPTY_BODY = YES;
				CLANG_WARN_ENUM_CONVERSION = YES;
				CLANG_WARN_INFINITE_RECURSION = YES;
				CLANG_WARN_INT_CONVERSION = YES;
				CLANG_WARN_NON_LITERAL_NULL_CONVERSION = YES;
				CLANG_WARN_OBJC_IMPLICIT_RETAIN_SELF = YES;
				CLANG_WARN_OBJC_LITERAL_CONVERSION = YES;
				CLANG_WARN_OBJC_ROOT_CLASS = YES_ERROR;
				CLANG_WARN_QUOTED_INCLUDE_IN_FRAMEWORK_HEADER = YES;
				CLANG_WARN_RANGE_LOOP_ANALYSIS = YES;
				CLANG_WARN_STRICT_PROTOTYPES = YES;
				CLANG_WARN_SUSPICIOUS_MOVE = YES;
				CLANG_WARN_UNGUARDED_AVAILABILITY = YES_AGGRESSIVE;
				CLANG_WARN_UNREACHABLE_CODE = YES;
				CLANG_WARN__DUPLICATE_METHOD_MATCH = YES;
				COPY_PHASE_STRIP = NO;
				DEBUG_INFORMATION_FORMAT = dwarf;
				ENABLE_STRICT_OBJC_MSGSEND = YES;
				ENABLE_TESTABILITY = YES;
				GCC_C_LANGUAGE_STANDARD = gnu11;
				GCC_DYNAMIC_NO_PIC = NO;
				GCC_NO_COMMON_BLOCKS = YES;
				GCC_OPTIMIZATION_LEVEL = 0;
				GCC_PREPROCESSOR_DEFINITIONS = (
					"DEBUG=1",
					"$(inherited)",
				);
				GCC_WARN_64_TO_32_BIT_CONVERSION = YES;
				GCC_WARN_ABOUT_RETURN_TYPE = YES_ERROR;
				GCC_WARN_UNDECLARED_SELECTOR = YES;
				GCC_WARN_UNINITIALIZED_AUTOS = YES_AGGRESSIVE;
				GCC_WARN_UNUSED_FUNCTION = YES;
				GCC_WARN_UNUSED_VARIABLE = YES;
				IPHONEOS_DEPLOYMENT_TARGET = 16.0;
				MTL_ENABLE_DEBUG_INFO = INCLUDE_SOURCE;
				MTL_FAST_MATH = YES;
				ONLY_ACTIVE_ARCH = YES;
				SDKROOT = iphoneos;
				SWIFT_ACTIVE_COMPILATION_CONDITIONS = DEBUG;
				SWIFT_OBJC_BRIDGING_HEADER = /Users/a1/Desktop/FoodMaps/FoodMaps/BridgingHeader.h;
				SWIFT_OPTIMIZATION_LEVEL = "-Onone";
			};
			name = Debug;
		};
		63BFBF1A2AD39286004150C7 /* Release */ = {
			isa = XCBuildConfiguration;
			buildSettings = {
				ALWAYS_SEARCH_USER_PATHS = NO;
				CLANG_ANALYZER_NONNULL = YES;
				CLANG_ANALYZER_NUMBER_OBJECT_CONVERSION = YES_AGGRESSIVE;
				CLANG_CXX_LANGUAGE_STANDARD = "gnu++20";
				CLANG_ENABLE_MODULES = YES;
				CLANG_ENABLE_OBJC_ARC = NO;
				CLANG_ENABLE_OBJC_WEAK = YES;
				CLANG_WARN_BLOCK_CAPTURE_AUTORELEASING = YES;
				CLANG_WARN_BOOL_CONVERSION = YES;
				CLANG_WARN_COMMA = YES;
				CLANG_WARN_CONSTANT_CONVERSION = YES;
				CLANG_WARN_DEPRECATED_OBJC_IMPLEMENTATIONS = YES;
				CLANG_WARN_DIRECT_OBJC_ISA_USAGE = YES_ERROR;
				CLANG_WARN_DOCUMENTATION_COMMENTS = YES;
				CLANG_WARN_EMPTY_BODY = YES;
				CLANG_WARN_ENUM_CONVERSION = YES;
				CLANG_WARN_INFINITE_RECURSION = YES;
				CLANG_WARN_INT_CONVERSION = YES;
				CLANG_WARN_NON_LITERAL_NULL_CONVERSION = YES;
				CLANG_WARN_OBJC_IMPLICIT_RETAIN_SELF = YES;
				CLANG_WARN_OBJC_LITERAL_CONVERSION = YES;
				CLANG_WARN_OBJC_ROOT_CLASS = YES_ERROR;
				CLANG_WARN_QUOTED_INCLUDE_IN_FRAMEWORK_HEADER = YES;
				CLANG_WARN_RANGE_LOOP_ANALYSIS = YES;
				CLANG_WARN_STRICT_PROTOTYPES = YES;
				CLANG_WARN_SUSPICIOUS_MOVE = YES;
				CLANG_WARN_UNGUARDED_AVAILABILITY = YES_AGGRESSIVE;
				CLANG_WARN_UNREACHABLE_CODE = YES;
				CLANG_WARN__DUPLICATE_METHOD_MATCH = YES;
				COPY_PHASE_STRIP = NO;
				DEBUG_INFORMATION_FORMAT = "dwarf-with-dsym";
				ENABLE_NS_ASSERTIONS = NO;
				ENABLE_STRICT_OBJC_MSGSEND = YES;
				GCC_C_LANGUAGE_STANDARD = gnu11;
				GCC_NO_COMMON_BLOCKS = YES;
				GCC_WARN_64_TO_32_BIT_CONVERSION = YES;
				GCC_WARN_ABOUT_RETURN_TYPE = YES_ERROR;
				GCC_WARN_UNDECLARED_SELECTOR = YES;
				GCC_WARN_UNINITIALIZED_AUTOS = YES_AGGRESSIVE;
				GCC_WARN_UNUSED_FUNCTION = YES;
				GCC_WARN_UNUSED_VARIABLE = YES;
				IPHONEOS_DEPLOYMENT_TARGET = 16.0;
				MTL_ENABLE_DEBUG_INFO = NO;
				MTL_FAST_MATH = YES;
				SDKROOT = iphoneos;
				SWIFT_COMPILATION_MODE = wholemodule;
				SWIFT_OBJC_BRIDGING_HEADER = /Users/a1/Desktop/FoodMaps/FoodMaps/BridgingHeader.h;
				SWIFT_OPTIMIZATION_LEVEL = "-O";
				VALIDATE_PRODUCT = YES;
			};
			name = Release;
		};
		63BFBF1C2AD39286004150C7 /* Debug */ = {
			isa = XCBuildConfiguration;
			buildSettings = {
				ASSETCATALOG_COMPILER_APPICON_NAME = AppIcon;
				ASSETCATALOG_COMPILER_GLOBAL_ACCENT_COLOR_NAME = AccentColor;
				CODE_SIGN_STYLE = Automatic;
				CURRENT_PROJECT_VERSION = 1;
				FRAMEWORK_SEARCH_PATHS = (
					"$(inherited)",
					"$(PROJECT_DIR)/DaumMap.embeddedframework",
				);
				GENERATE_INFOPLIST_FILE = YES;
				INFOPLIST_FILE = FoodMaps/Info.plist;
				INFOPLIST_KEY_UIApplicationSupportsIndirectInputEvents = YES;
				INFOPLIST_KEY_UILaunchStoryboardName = LaunchScreen;
				INFOPLIST_KEY_UISupportedInterfaceOrientations_iPad = "UIInterfaceOrientationPortrait UIInterfaceOrientationPortraitUpsideDown UIInterfaceOrientationLandscapeLeft UIInterfaceOrientationLandscapeRight";
				INFOPLIST_KEY_UISupportedInterfaceOrientations_iPhone = "UIInterfaceOrientationPortrait UIInterfaceOrientationLandscapeLeft UIInterfaceOrientationLandscapeRight";
				LD_RUNPATH_SEARCH_PATHS = (
					"$(inherited)",
					"@executable_path/Frameworks",
				);
				MARKETING_VERSION = 1.0;
				PRODUCT_BUNDLE_IDENTIFIER = kr.co.hemg2.FoodMaps;
				PRODUCT_NAME = "$(TARGET_NAME)";
				SWIFT_EMIT_LOC_STRINGS = YES;
				SWIFT_VERSION = 5.0;
				TARGETED_DEVICE_FAMILY = "1,2";
			};
			name = Debug;
		};
		63BFBF1D2AD39286004150C7 /* Release */ = {
			isa = XCBuildConfiguration;
			buildSettings = {
				ASSETCATALOG_COMPILER_APPICON_NAME = AppIcon;
				ASSETCATALOG_COMPILER_GLOBAL_ACCENT_COLOR_NAME = AccentColor;
				CODE_SIGN_STYLE = Automatic;
				CURRENT_PROJECT_VERSION = 1;
				FRAMEWORK_SEARCH_PATHS = (
					"$(inherited)",
					"$(PROJECT_DIR)/DaumMap.embeddedframework",
				);
				GENERATE_INFOPLIST_FILE = YES;
				INFOPLIST_FILE = FoodMaps/Info.plist;
				INFOPLIST_KEY_UIApplicationSupportsIndirectInputEvents = YES;
				INFOPLIST_KEY_UILaunchStoryboardName = LaunchScreen;
				INFOPLIST_KEY_UISupportedInterfaceOrientations_iPad = "UIInterfaceOrientationPortrait UIInterfaceOrientationPortraitUpsideDown UIInterfaceOrientationLandscapeLeft UIInterfaceOrientationLandscapeRight";
				INFOPLIST_KEY_UISupportedInterfaceOrientations_iPhone = "UIInterfaceOrientationPortrait UIInterfaceOrientationLandscapeLeft UIInterfaceOrientationLandscapeRight";
				LD_RUNPATH_SEARCH_PATHS = (
					"$(inherited)",
					"@executable_path/Frameworks",
				);
				MARKETING_VERSION = 1.0;
				PRODUCT_BUNDLE_IDENTIFIER = kr.co.hemg2.FoodMaps;
				PRODUCT_NAME = "$(TARGET_NAME)";
				SWIFT_EMIT_LOC_STRINGS = YES;
				SWIFT_VERSION = 5.0;
				TARGETED_DEVICE_FAMILY = "1,2";
			};
			name = Release;
		};
/* End XCBuildConfiguration section */

/* Begin XCConfigurationList section */
		63BFBF022AD39284004150C7 /* Build configuration list for PBXProject "FoodMaps" */ = {
			isa = XCConfigurationList;
			buildConfigurations = (
				63BFBF192AD39286004150C7 /* Debug */,
				63BFBF1A2AD39286004150C7 /* Release */,
			);
			defaultConfigurationIsVisible = 0;
			defaultConfigurationName = Release;
		};
		63BFBF1B2AD39286004150C7 /* Build configuration list for PBXNativeTarget "FoodMaps" */ = {
			isa = XCConfigurationList;
			buildConfigurations = (
				63BFBF1C2AD39286004150C7 /* Debug */,
				63BFBF1D2AD39286004150C7 /* Release */,
			);
			defaultConfigurationIsVisible = 0;
			defaultConfigurationName = Release;
		};
/* End XCConfigurationList section */
	};
	rootObject = 63BFBEFF2AD39284004150C7 /* Project object */;
}
